{
    "_meta": {
        "hash": {
            "sha256": "e1990b9c4b6e6775726129338c40d0740464403a8b2590ff90003d0b248ff7b1"
        },
        "pipfile-spec": 6,
        "requires": {
            "python_version": "3.8"
        },
        "sources": [
            {
                "name": "pypi",
                "url": "https://pypi.org/simple",
                "verify_ssl": true
            }
        ]
    },
    "default": {
        "cbor2": {
            "hashes": [
                "sha256:17b615da69964f87e48c5adb34ba63db3068f65b9cd14a7b099503d9f8a0e9ae",
                "sha256:6391fd3d2a4e976ecf892638a0a2a88d85e6764124bf9f128a945bfefefe77dc"
            ],
            "version": "==4.1.2"
        },
        "pynetworktables": {
            "hashes": [
                "sha256:54604b1993515c43890be058263f158c1d168c69bedd802f0de644964cf3840d",
                "sha256:91167948e66c29d5c90f85f3e249403f4d2ebf11368b93f9b968ef315388c73c"
            ],
            "markers": "python_version >= '3.5'",
            "version": "==2021.0.0"
        },
        "pynetworktables2js": {
            "hashes": [
                "sha256:db9f4516c7601af72b52e669ac4ba5d8a6539353207ecdb0cfbbaed48b20cb59",
                "sha256:e731cbdac6cccbc9b9e5c1a319913d9682b0365a941c3b8e49135ce0a23b87f4"
            ],
            "index": "pypi",
            "version": "==2021.0.1"
        },
        "tornado": {
            "hashes": [
                "sha256:1d54d13ab8414ed44de07efecb97d4ef7c39f7438cf5e976ccd356bebb1b5fca",
                "sha256:20f638fd8cc85f3cbae3c732326e96addff0a15e22d80f049e00121651e82e72",
                "sha256:5c87076709343557ef8032934ce5f637dbb552efa7b21d08e89ae7619ed0eb23",
                "sha256:5f8c52d219d4995388119af7ccaa0bcec289535747620116a58d830e7c25d8a8",
                "sha256:6fdfabffd8dfcb6cf887428849d30cf19a3ea34c2c248461e1f7d718ad30b66b",
                "sha256:87dcafae3e884462f90c90ecc200defe5e580a7fbbb4365eda7c7c1eb809ebc9",
                "sha256:9b630419bde84ec666bfd7ea0a4cb2a8a651c2d5cccdbdd1972a0c859dfc3c13",
                "sha256:b8150f721c101abdef99073bf66d3903e292d851bee51910839831caba341a75",
                "sha256:ba09ef14ca9893954244fd872798b4ccb2367c165946ce2dd7376aebdde8e3ac",
                "sha256:d3a2f5999215a3a06a4fc218026cd84c61b8b2b40ac5296a6db1f1451ef04c1e",
                "sha256:e5f923aa6a47e133d1cf87d60700889d7eae68988704e20c75fb2d65677a8e4b"
            ],
            "markers": "python_version >= '3.7'",
            "version": "==6.2"
        }
    },
    "develop": {}
}
